
Microsoft Visual Studio Solution File, Format Version 12.00
# Visual Studio Version 16
VisualStudioVersion = 16.0.30621.155
MinimumVisualStudioVersion = 10.0.40219.1
Project("{9A19103F-16F7-4668-BE54-9A1E7A4F7556}") = "Beringela.Api", "Beringela.Api\Beringela.Api.csproj", "{EE7FBD03-F1B1-4DFA-B436-D62A8104AF89}"
EndProject
Project("{9A19103F-16F7-4668-BE54-9A1E7A4F7556}") = "Beringela.Models", "Beringela.Model\Beringela.Models.csproj", "{FD258A4B-4A6A-4679-B3C8-D2B81A51CF79}"
EndProject
Project("{9A19103F-16F7-4668-BE54-9A1E7A4F7556}") = "Beringela.Models.NTests", "Beringela.Model.NTests\Beringela.Models.NTests.csproj", "{FEE0FC28-FB64-4B0A-83D4-47D5598DAD68}"
EndProject
Project("{9A19103F-16F7-4668-BE54-9A1E7A4F7556}") = "Beringela.Core", "Beringela.Core\Beringela.Core.csproj", "{45E848E3-7783-4F5C-98AA-294D974D5F74}"
EndProject
Project("{9A19103F-16F7-4668-BE54-9A1E7A4F7556}") = "Beringela.Core.NTests", "Beringela.Core.NTests\Beringela.Core.NTests.csproj", "{E8D7BEFA-B3DF-4984-919B-5EDCEA1F0F8F}"
EndProject
Project("{2150E333-8FDC-42A3-9474-1A3956D46DE8}") = "Documentation", "Documentation", "{05DE502F-41FA-462F-83E3-82454619C4C1}"
	ProjectSection(SolutionItems) = preProject
		Packages.md = Packages.md
	EndProjectSection
EndProject
Global
	GlobalSection(SolutionConfigurationPlatforms) = preSolution
		Debug|Any CPU = Debug|Any CPU
		Release|Any CPU = Release|Any CPU
	EndGlobalSection
	GlobalSection(ProjectConfigurationPlatforms) = postSolution
		{EE7FBD03-F1B1-4DFA-B436-D62A8104AF89}.Debug|Any CPU.ActiveCfg = Debug|Any CPU
		{EE7FBD03-F1B1-4DFA-B436-D62A8104AF89}.Debug|Any CPU.Build.0 = Debug|Any CPU
		{EE7FBD03-F1B1-4DFA-B436-D62A8104AF89}.Release|Any CPU.ActiveCfg = Release|Any CPU
		{EE7FBD03-F1B1-4DFA-B436-D62A8104AF89}.Release|Any CPU.Build.0 = Release|Any CPU
		{FD258A4B-4A6A-4679-B3C8-D2B81A51CF79}.Debug|Any CPU.ActiveCfg = Debug|Any CPU
		{FD258A4B-4A6A-4679-B3C8-D2B81A51CF79}.Debug|Any CPU.Build.0 = Debug|Any CPU
		{FD258A4B-4A6A-4679-B3C8-D2B81A51CF79}.Release|Any CPU.ActiveCfg = Release|Any CPU
		{FD258A4B-4A6A-4679-B3C8-D2B81A51CF79}.Release|Any CPU.Build.0 = Release|Any CPU
		{FEE0FC28-FB64-4B0A-83D4-47D5598DAD68}.Debug|Any CPU.ActiveCfg = Debug|Any CPU
		{FEE0FC28-FB64-4B0A-83D4-47D5598DAD68}.Debug|Any CPU.Build.0 = Debug|Any CPU
		{FEE0FC28-FB64-4B0A-83D4-47D5598DAD68}.Release|Any CPU.ActiveCfg = Release|Any CPU
		{FEE0FC28-FB64-4B0A-83D4-47D5598DAD68}.Release|Any CPU.Build.0 = Release|Any CPU
		{45E848E3-7783-4F5C-98AA-294D974D5F74}.Debug|Any CPU.ActiveCfg = Debug|Any CPU
		{45E848E3-7783-4F5C-98AA-294D974D5F74}.Debug|Any CPU.Build.0 = Debug|Any CPU
		{45E848E3-7783-4F5C-98AA-294D974D5F74}.Release|Any CPU.ActiveCfg = Release|Any CPU
		{45E848E3-7783-4F5C-98AA-294D974D5F74}.Release|Any CPU.Build.0 = Release|Any CPU
		{E8D7BEFA-B3DF-4984-919B-5EDCEA1F0F8F}.Debug|Any CPU.ActiveCfg = Debug|Any CPU
		{E8D7BEFA-B3DF-4984-919B-5EDCEA1F0F8F}.Debug|Any CPU.Build.0 = Debug|Any CPU
		{E8D7BEFA-B3DF-4984-919B-5EDCEA1F0F8F}.Release|Any CPU.ActiveCfg = Release|Any CPU
		{E8D7BEFA-B3DF-4984-919B-5EDCEA1F0F8F}.Release|Any CPU.Build.0 = Release|Any CPU
	EndGlobalSection
	GlobalSection(SolutionProperties) = preSolution
		HideSolutionNode = FALSE
	EndGlobalSection
	GlobalSection(ExtensibilityGlobals) = postSolution
		SolutionGuid = {2CD463C2-8A26-4B03-B393-BE4750B81CB6}
	EndGlobalSection
EndGlobal
